# generated by rye
# use `rye lock` or `rye sync` to update this lockfile
#
# last locked with the following flags:
#   pre: false
#   features: []
#   all-features: false
#   with-sources: false
#   generate-hashes: false
#   universal: false

-e file:apps/examples-flask-media
-e file:apps/examples-flask-started
-e file:apps/examples-google-workspace
-e file:apps/examples-playwright-started
-e file:apps/examples-websockets
blinker==1.8.2
    # via flask
cachetools==5.5.0
    # via google-auth
certifi==2024.8.30
    # via requests
charset-normalizer==3.3.2
    # via requests
click==8.1.7
    # via flask
coverage==7.6.1
    # via pytest-cov
flask==3.0.3
    # via examples-flask-media
    # via examples-flask-started
    # via flask-cors
    # via types-flask-cors
flask-cors==5.0.0
    # via examples-flask-media
google-api-core==2.19.2
    # via google-api-python-client
    # via google-apps-card
    # via google-apps-chat
google-api-python-client==2.145.0
    # via examples-google-workspace
google-apps-card==0.1.4
    # via google-apps-chat
google-apps-chat==0.1.10
    # via examples-google-workspace
google-auth==2.34.0
    # via google-api-core
    # via google-api-python-client
    # via google-apps-card
    # via google-apps-chat
    # via google-auth-httplib2
    # via google-auth-oauthlib
    # via gspread
google-auth-httplib2==0.2.0
    # via examples-google-workspace
    # via google-api-python-client
google-auth-oauthlib==1.2.1
    # via examples-google-workspace
    # via gspread
googleapis-common-protos==1.65.0
    # via google-api-core
    # via grpcio-status
greenlet==3.0.3
    # via playwright
grpcio==1.66.1
    # via google-api-core
    # via grpcio-status
grpcio-status==1.66.1
    # via google-api-core
gspread==6.1.2
    # via examples-google-workspace
httplib2==0.22.0
    # via google-api-python-client
    # via google-auth-httplib2
idna==3.10
    # via requests
iniconfig==2.0.0
    # via pytest
itsdangerous==2.2.0
    # via flask
jinja2==3.1.4
    # via flask
markupsafe==2.1.5
    # via jinja2
    # via werkzeug
mypy==1.11.2
mypy-extensions==1.0.0
    # via mypy
numpy==2.1.1
    # via opencv-python
oauthlib==3.2.2
    # via requests-oauthlib
opencv-python==4.10.0.84
    # via examples-flask-media
packaging==24.1
    # via pytest
playwright==1.47.0
    # via examples-playwright-started
    # via pytest-playwright
pluggy==1.5.0
    # via pytest
proto-plus==1.24.0
    # via google-api-core
    # via google-apps-card
    # via google-apps-chat
protobuf==5.28.1
    # via google-api-core
    # via google-apps-card
    # via google-apps-chat
    # via googleapis-common-protos
    # via grpcio-status
    # via proto-plus
pyasn1==0.6.1
    # via pyasn1-modules
    # via rsa
pyasn1-modules==0.4.1
    # via google-auth
pyclean==3.0.0
pyee==12.0.0
    # via playwright
pyparsing==3.1.4
    # via httplib2
pytest==8.3.3
    # via pytest-asyncio
    # via pytest-base-url
    # via pytest-cov
    # via pytest-playwright
pytest-asyncio==0.24.0
pytest-base-url==2.1.0
    # via pytest-playwright
pytest-cov==5.0.0
pytest-playwright==0.5.2
python-slugify==8.0.4
    # via pytest-playwright
pyyaml==6.0.2
    # via examples-google-workspace
requests==2.32.3
    # via google-api-core
    # via pytest-base-url
    # via requests-oauthlib
requests-oauthlib==2.0.0
    # via google-auth-oauthlib
rsa==4.9
    # via google-auth
ruff==0.6.5
text-unidecode==1.3
    # via python-slugify
types-flask-cors==5.0.0.20240902
types-pyyaml==6.0.12.20240808
typing-extensions==4.12.2
    # via mypy
    # via pyee
uritemplate==4.1.1
    # via google-api-python-client
urllib3==2.2.3
    # via requests
websockets==13.0.1
    # via examples-websockets
werkzeug==3.0.4
    # via flask
